
Microsoft Visual Studio Solution File, Format Version 12.00
# Visual Studio Version 16
VisualStudioVersion = 16.0.30204.135
MinimumVisualStudioVersion = 10.0.40219.1
Project("{FAE04EC0-301F-11D3-BF4B-00C04F79EFBC}") = "ParcelCostApp", "ParcelCostApp\ParcelCostApp.csproj", "{FBF36936-D695-4B9B-B2A2-CD60BA15F401}"
EndProject
Project("{9A19103F-16F7-4668-BE54-9A1E7A4F7556}") = "ParcelCostApp.Tests", "ParcelCostApp.Tests\ParcelCostApp.Tests.csproj", "{BC859AF7-BA5C-488B-AC6A-2748FCBF5702}"
EndProject
Global
	GlobalSection(SolutionConfigurationPlatforms) = preSolution
		Debug|Any CPU = Debug|Any CPU
		Release|Any CPU = Release|Any CPU
	EndGlobalSection
	GlobalSection(ProjectConfigurationPlatforms) = postSolution
		{FBF36936-D695-4B9B-B2A2-CD60BA15F401}.Debug|Any CPU.ActiveCfg = Debug|Any CPU
		{FBF36936-D695-4B9B-B2A2-CD60BA15F401}.Debug|Any CPU.Build.0 = Debug|Any CPU
		{FBF36936-D695-4B9B-B2A2-CD60BA15F401}.Release|Any CPU.ActiveCfg = Release|Any CPU
		{FBF36936-D695-4B9B-B2A2-CD60BA15F401}.Release|Any CPU.Build.0 = Release|Any CPU
		{BC859AF7-BA5C-488B-AC6A-2748FCBF5702}.Debug|Any CPU.ActiveCfg = Debug|Any CPU
		{BC859AF7-BA5C-488B-AC6A-2748FCBF5702}.Debug|Any CPU.Build.0 = Debug|Any CPU
		{BC859AF7-BA5C-488B-AC6A-2748FCBF5702}.Release|Any CPU.ActiveCfg = Release|Any CPU
		{BC859AF7-BA5C-488B-AC6A-2748FCBF5702}.Release|Any CPU.Build.0 = Release|Any CPU
	EndGlobalSection
	GlobalSection(SolutionProperties) = preSolution
		HideSolutionNode = FALSE
	EndGlobalSection
	GlobalSection(ExtensibilityGlobals) = postSolution
		SolutionGuid = {AD9422E2-476B-450F-AF41-FC68C49D7378}
	EndGlobalSection
EndGlobal
